PODS:
  - AFNetworking (4.0.1):
    - AFNetworking/NSURLSession (= 4.0.1)
    - AFNetworking/Reachability (= 4.0.1)
    - AFNetworking/Security (= 4.0.1)
    - AFNetworking/Serialization (= 4.0.1)
    - AFNetworking/UIKit (= 4.0.1)
  - AFNetworking/NSURLSession (4.0.1):
    - AFNetworking/Reachability
    - AFNetworking/Security
    - AFNetworking/Serialization
  - AFNetworking/Reachability (4.0.1)
  - AFNetworking/Security (4.0.1)
  - AFNetworking/Serialization (4.0.1)
  - AFNetworking/UIKit (4.0.1):
    - AFNetworking/NSURLSession
  - Bitheri (1.6.8):
    - CocoaLumberjack (~> 1.9.1)
    - FMDB (~> 2.3)
    - OpenSSL (= 1.0.1j)
    - Reachability (~> 3.1.1)
  - CocoaLumberjack (1.9.2):
    - CocoaLumberjack/Extensions (= 1.9.2)
  - CocoaLumberjack/Core (1.9.2)
  - CocoaLumberjack/Extensions (1.9.2):
    - CocoaLumberjack/Core
  - FMDB (2.7.5):
    - FMDB/standard (= 2.7.5)
  - FMDB/standard (2.7.5)
  - FXBlurView (1.6.4)
  - KSCrash (0.0.9):
    - KSCrash/Installations (= 0.0.9)
    - KSCrash/no-arc (= 0.0.9)
    - KSCrash/Recording (= 0.0.9)
    - KSCrash/Reporting (= 0.0.9)
  - KSCrash/Installations (0.0.9):
    - KSCrash/Recording
    - KSCrash/Reporting
  - KSCrash/no-arc (0.0.9)
  - KSCrash/Recording (0.0.9):
    - KSCrash/no-arc
  - KSCrash/Reporting (0.0.9):
    - KSCrash/Recording
    - KSCrash/Reporting/Filters (= 0.0.9)
    - KSCrash/Reporting/Sinks (= 0.0.9)
    - KSCrash/Reporting/Tools (= 0.0.9)
  - KSCrash/Reporting/Filters (0.0.9):
    - KSCrash/Recording
    - KSCrash/Reporting/Filters/Alert (= 0.0.9)
    - KSCrash/Reporting/Filters/AppleFmt (= 0.0.9)
    - KSCrash/Reporting/Filters/Base (= 0.0.9)
    - KSCrash/Reporting/Filters/Basic (= 0.0.9)
    - KSCrash/Reporting/Filters/GZip (= 0.0.9)
    - KSCrash/Reporting/Filters/JSON (= 0.0.9)
    - KSCrash/Reporting/Filters/Sets (= 0.0.9)
  - KSCrash/Reporting/Filters/Alert (0.0.9):
    - KSCrash/Recording
    - KSCrash/Reporting/Filters/Base
  - KSCrash/Reporting/Filters/AppleFmt (0.0.9):
    - KSCrash/Recording
    - KSCrash/Reporting/Filters/Base
  - KSCrash/Reporting/Filters/Base (0.0.9):
    - KSCrash/Recording
  - KSCrash/Reporting/Filters/Basic (0.0.9):
    - KSCrash/Recording
    - KSCrash/Reporting/Filters/Base
  - KSCrash/Reporting/Filters/GZip (0.0.9):
    - KSCrash/Recording
    - KSCrash/Reporting/Filters/Base
  - KSCrash/Reporting/Filters/JSON (0.0.9):
    - KSCrash/Recording
    - KSCrash/Reporting/Filters/Base
  - KSCrash/Reporting/Filters/Sets (0.0.9):
    - KSCrash/Recording
    - KSCrash/Reporting/Filters/AppleFmt
    - KSCrash/Reporting/Filters/Base
    - KSCrash/Reporting/Filters/Basic
    - KSCrash/Reporting/Filters/GZip
    - KSCrash/Reporting/Filters/JSON
  - KSCrash/Reporting/Sinks (0.0.9):
    - KSCrash/Recording
    - KSCrash/Reporting/Filters
    - KSCrash/Reporting/Tools
  - KSCrash/Reporting/Tools (0.0.9):
    - KSCrash/Recording
  - OpenSSL (1.0.1j)
  - Reachability (3.1.1)
  - RegexKitLite (4.0)
  - SimpleKeychain (0.11.1)

DEPENDENCIES:
  - AFNetworking (~> 4.0)
  - Bitheri (from `https://github.com/tatdig/bitheri.git`, branch `develop`)
  - FXBlurView
  - KSCrash (~> 0.0.3)
  - OpenSSL (from `https://github.com/tatdig/OpenSSL.git`)
  - RegexKitLite (~> 4.0)
  - SimpleKeychain

SPEC REPOS:
  https://github.com/CocoaPods/Specs.git:
    - AFNetworking
    - CocoaLumberjack
    - FMDB
    - FXBlurView
    - KSCrash
    - Reachability
    - RegexKitLite
    - SimpleKeychain

EXTERNAL SOURCES:
  Bitheri:
    :branch: develop
    :git: https://github.com/tatdig/bitheri.git
  OpenSSL:
    :git: https://github.com/tatdig/OpenSSL.git

CHECKOUT OPTIONS:
  Bitheri:
    :commit: e79f1e29ced4a06c2ed296930972453d92ac8e1a
    :git: https://github.com/tatdig/bitheri.git
  OpenSSL:
    :commit: b7ff9ed0245e2b5b1a212a1e86131487df4fc518
    :git: https://github.com/tatdig/OpenSSL.git

SPEC CHECKSUMS:
  AFNetworking: 7864c38297c79aaca1500c33288e429c3451fdce
  Bitheri: 2fdb080a55aaca07df666dfe818fe56cd70a7faf
  CocoaLumberjack: 628fca2e88ef06f7cf6817309aa405f325d9a6fa
  FMDB: 2ce00b547f966261cd18927a3ddb07cb6f3db82a
  FXBlurView: db786c2561cb49a09ae98407f52460096ab8a44f
  KSCrash: 2ca11262cd88571992ada7861639a6eb224c6c2a
  OpenSSL: 6cc604cf322dabb4695f3b7be882a47ed44a8146
  Reachability: dd9aa4fb6667b9f787690a74f53cb7634ce99893
  RegexKitLite: c0e4c12e6e7de0769f3a3ed679f0f61604170661
  SimpleKeychain: 0c657949c7afff92337d2ff64052d5eb5c53823e

PODFILE CHECKSUM: cc50394df86605c23e1c504add0700826087a647

COCOAPODS: 1.9.3
